{
  "version": 4,
  "terraform_version": "0.14.10",
  "serial": 108,
  "lineage": "f4c3ca28-ef9d-40e5-b9d2-5d9ea27944e4",
  "outputs": {},
  "resources": [
    {
      "module": "module.provider",
      "mode": "data",
      "type": "digitalocean_ssh_key",
      "name": "main",
      "provider": "module.provider.provider[\"registry.terraform.io/digitalocean/digitalocean\"]",
      "instances": [
        {
          "schema_version": 0,
          "attributes": {
            "fingerprint": "84:bb:ef:43:ca:9d:99:12:2e:f4:b2:42:ea:94:bc:1c",
            "id": "29563729",
            "name": "gruma-key",
            "public_key": "ssh-rsa AAAAB3NzaC1yc2EAAAADAQABAAABAQDE6hCBwOmSn0qbPk9sl0k7sjjryNHHdp808EUALPsneBlmX29Y7KpjboX3a7tkgqNNqSRcp7hUHgLviSyyV4yDXdnhWq+I8wqRBDcagzVoezXI2n/KZ81lFhqf/7quS/NzaqhENwYw9WkQ6/htY+aDUvkgtRBNai1c7q2mzf4V3qIkOnGT1mZEJLfRodrBPbmleRMH+yTgJUWPetxG/wYEdgCC0bOkWsjYNnKNbee1OAFWE/sZYYyBNGGYgK+tMq+/SdVTFWQN1d6ald7IeXhno4N/DkiUGokdI8WDeL/sfQvUWQq2LPRM6nm+CLJAgkk52uwKBNs9a5RE5LZmhYZH gruma@gruma-pc"
          },
          "sensitive_attributes": []
        }
      ]
    },
    {
      "module": "module.provider",
      "mode": "managed",
      "type": "digitalocean_droplet",
      "name": "host",
      "provider": "module.provider.provider[\"registry.terraform.io/digitalocean/digitalocean\"]",
      "instances": [
        {
          "status": "tainted",
          "schema_version": 1,
          "attributes": {
            "backups": false,
            "created_at": "2021-04-24T07:31:01Z",
            "disk": 25,
            "id": "242991295",
            "image": "debian-10-x64",
            "ipv4_address": "64.227.118.48",
            "ipv4_address_private": "10.114.0.2",
            "ipv6": false,
            "ipv6_address": "",
            "ipv6_address_private": null,
            "locked": false,
            "memory": 1024,
            "monitoring": false,
            "name": "host",
            "price_hourly": 0.00744,
            "price_monthly": 5,
            "private_networking": true,
            "region": "fra1",
            "resize_disk": true,
            "size": "s-1vcpu-1gb",
            "ssh_keys": [
              "29563729"
            ],
            "status": "active",
            "tags": null,
            "urn": "do:droplet:242991295",
            "user_data": null,
            "vcpus": 1,
            "volume_ids": [],
            "vpc_uuid": "dbd7e3b0-6628-4e50-b8a3-fb90ccf9bd77"
          },
          "sensitive_attributes": [],
          "private": "eyJzY2hlbWFfdmVyc2lvbiI6IjEifQ==",
          "dependencies": [
            "module.provider.data.digitalocean_ssh_key.main"
          ]
        }
      ]
    }
  ]
}
